
Microsoft Visual Studio Solution File, Format Version 12.00
# Visual Studio Version 17
VisualStudioVersion = 17.5.33516.290
MinimumVisualStudioVersion = 10.0.40219.1
Project("{9A19103F-16F7-4668-BE54-9A1E7A4F7556}") = "Stride.Docs", "Stride.Docs.csproj", "{F221508C-43CE-45A5-BC37-3050882A22A5}"
EndProject
Project("{2150E333-8FDC-42A3-9474-1A3956D46DE8}") = "Solution Items", "Solution Items", "{85103FBF-C9A6-4722-B36B-89A58F55C1DF}"
	ProjectSection(SolutionItems) = preProject
		.github\workflows\common-setup.yml = .github\workflows\common-setup.yml
		.github\workflows\stride-docs-github.yml = .github\workflows\stride-docs-github.yml
		.github\workflows\stride-docs-release-azure.yml = .github\workflows\stride-docs-release-azure.yml
		.github\workflows\stride-docs-release-fast-track-azure.yml = .github\workflows\stride-docs-release-fast-track-azure.yml
		.github\workflows\stride-docs-staging-azure.yml = .github\workflows\stride-docs-staging-azure.yml
		.github\workflows\stride-docs-staging-fast-track-azure.yml = .github\workflows\stride-docs-staging-fast-track-azure.yml
		.github\workflows\stride-docs-wiki.yml = .github\workflows\stride-docs-wiki.yml
	EndProjectSection
EndProject
Global
	GlobalSection(SolutionConfigurationPlatforms) = preSolution
		Debug|Any CPU = Debug|Any CPU
		Release|Any CPU = Release|Any CPU
	EndGlobalSection
	GlobalSection(ProjectConfigurationPlatforms) = postSolution
		{F221508C-43CE-45A5-BC37-3050882A22A5}.Debug|Any CPU.ActiveCfg = Debug|Any CPU
		{F221508C-43CE-45A5-BC37-3050882A22A5}.Debug|Any CPU.Build.0 = Debug|Any CPU
		{F221508C-43CE-45A5-BC37-3050882A22A5}.Release|Any CPU.ActiveCfg = Release|Any CPU
		{F221508C-43CE-45A5-BC37-3050882A22A5}.Release|Any CPU.Build.0 = Release|Any CPU
	EndGlobalSection
	GlobalSection(SolutionProperties) = preSolution
		HideSolutionNode = FALSE
	EndGlobalSection
	GlobalSection(ExtensibilityGlobals) = postSolution
		SolutionGuid = {DC17C1CA-FA5A-40E7-84DA-38E04A9B8249}
	EndGlobalSection
EndGlobal
